
Microsoft Visual Studio Solution File, Format Version 12.00
# Visual Studio Version 17
VisualStudioVersion = 17.0.31903.59
MinimumVisualStudioVersion = 10.0.40219.1
Project("{2150E333-8FDC-42A3-9474-1A3956D46DE8}") = "src", "src", "{13A0848A-E4A7-4944-9C38-B4496153B3CA}"
EndProject
Project("{FAE04EC0-301F-11D3-BF4B-00C04F79EFBC}") = "MigrondiUI", "src\MigrondiUI\MigrondiUI.csproj", "{EA36C9C0-BD30-4BAA-9258-F6762E3EDAEA}"
EndProject
Global
	GlobalSection(SolutionConfigurationPlatforms) = preSolution
		Debug|Any CPU = Debug|Any CPU
		Release|Any CPU = Release|Any CPU
	EndGlobalSection
	GlobalSection(SolutionProperties) = preSolution
		HideSolutionNode = FALSE
	EndGlobalSection
	GlobalSection(ProjectConfigurationPlatforms) = postSolution
		{EA36C9C0-BD30-4BAA-9258-F6762E3EDAEA}.Debug|Any CPU.ActiveCfg = Debug|Any CPU
		{EA36C9C0-BD30-4BAA-9258-F6762E3EDAEA}.Debug|Any CPU.Build.0 = Debug|Any CPU
		{EA36C9C0-BD30-4BAA-9258-F6762E3EDAEA}.Release|Any CPU.ActiveCfg = Release|Any CPU
		{EA36C9C0-BD30-4BAA-9258-F6762E3EDAEA}.Release|Any CPU.Build.0 = Release|Any CPU
	EndGlobalSection
	GlobalSection(NestedProjects) = preSolution
		{EA36C9C0-BD30-4BAA-9258-F6762E3EDAEA} = {13A0848A-E4A7-4944-9C38-B4496153B3CA}
	EndGlobalSection
EndGlobal
